# THIS IS AN AUTOGENERATED FILE. DO NOT EDIT THIS FILE DIRECTLY.
# yarn lockfile v1


yaml@^2.1.2:
  version "2.1.2"
  resolved "https://registry.yarnpkg.com/yaml/-/yaml-2.1.2.tgz#eb0f535eb309811b60276a9cc8c02af4355db420"
  integrity sha512-VSdf2/K3FqAetooKQv45Hcu6sA00aDgWZeGcG6V9IYJnVLTnb6988Tie79K5nx2vK7cEpf+yW8Oy+7iPAbdiHA==
